
Microsoft Visual Studio Solution File, Format Version 12.00
# Visual Studio Version 16
VisualStudioVersion = 25.0.1706.0
MinimumVisualStudioVersion = 10.0.40219.1
Project("{FAE04EC0-301F-11D3-BF4B-00C04F79EFBC}") = "UdemyExercise2", "UdemyExercise2\UdemyExercise2.csproj", "{3A922621-6087-4F89-A580-D3451C3FB49F}"
EndProject
Global
	GlobalSection(SolutionConfigurationPlatforms) = preSolution
		Debug|Any CPU = Debug|Any CPU
		Release|Any CPU = Release|Any CPU
	EndGlobalSection
	GlobalSection(ProjectConfigurationPlatforms) = postSolution
		{3A922621-6087-4F89-A580-D3451C3FB49F}.Debug|Any CPU.ActiveCfg = Debug|Any CPU
		{3A922621-6087-4F89-A580-D3451C3FB49F}.Debug|Any CPU.Build.0 = Debug|Any CPU
		{3A922621-6087-4F89-A580-D3451C3FB49F}.Release|Any CPU.ActiveCfg = Release|Any CPU
		{3A922621-6087-4F89-A580-D3451C3FB49F}.Release|Any CPU.Build.0 = Release|Any CPU
	EndGlobalSection
	GlobalSection(SolutionProperties) = preSolution
		HideSolutionNode = FALSE
	EndGlobalSection
	GlobalSection(ExtensibilityGlobals) = postSolution
		SolutionGuid = {A30C3CB7-027E-4C3D-BF40-BA3518DCD813}
	EndGlobalSection
EndGlobal
